
Microsoft Visual Studio Solution File, Format Version 11.00
# Visual Studio 2010
Project("{FAE04EC0-301F-11D3-BF4B-00C04F79EFBC}") = "BurnSystems.FlexBG", "BurnSystems.FlexBG\BurnSystems.FlexBG.csproj", "{23CC80D3-2E80-4263-BF25-87E0DA25B329}"
EndProject
Project("{FAE04EC0-301F-11D3-BF4B-00C04F79EFBC}") = "BurnSystems.FlexBG.Test", "BurnSystems.FlexBG.Test\BurnSystems.FlexBG.Test.csproj", "{99BB190D-BE0D-45E9-8E33-7DFC53EA2D2B}"
EndProject
Global
	GlobalSection(SolutionConfigurationPlatforms) = preSolution
		Debug|Any CPU = Debug|Any CPU
		Debug|x64 = Debug|x64
		Debug|x86 = Debug|x86
		Release|Any CPU = Release|Any CPU
		Release|x64 = Release|x64
		Release|x86 = Release|x86
	EndGlobalSection
	GlobalSection(ProjectConfigurationPlatforms) = postSolution
		{23CC80D3-2E80-4263-BF25-87E0DA25B329}.Debug|Any CPU.ActiveCfg = Debug|Any CPU
		{23CC80D3-2E80-4263-BF25-87E0DA25B329}.Debug|Any CPU.Build.0 = Debug|Any CPU
		{23CC80D3-2E80-4263-BF25-87E0DA25B329}.Debug|x64.ActiveCfg = Debug|Any CPU
		{23CC80D3-2E80-4263-BF25-87E0DA25B329}.Debug|x86.ActiveCfg = Debug|Any CPU
		{23CC80D3-2E80-4263-BF25-87E0DA25B329}.Release|Any CPU.ActiveCfg = Release|Any CPU
		{23CC80D3-2E80-4263-BF25-87E0DA25B329}.Release|Any CPU.Build.0 = Release|Any CPU
		{23CC80D3-2E80-4263-BF25-87E0DA25B329}.Release|x64.ActiveCfg = Release|Any CPU
		{23CC80D3-2E80-4263-BF25-87E0DA25B329}.Release|x86.ActiveCfg = Release|Any CPU
		{99BB190D-BE0D-45E9-8E33-7DFC53EA2D2B}.Debug|Any CPU.ActiveCfg = Debug|Any CPU
		{99BB190D-BE0D-45E9-8E33-7DFC53EA2D2B}.Debug|Any CPU.Build.0 = Debug|Any CPU
		{99BB190D-BE0D-45E9-8E33-7DFC53EA2D2B}.Debug|x64.ActiveCfg = Debug|Any CPU
		{99BB190D-BE0D-45E9-8E33-7DFC53EA2D2B}.Debug|x86.ActiveCfg = Debug|Any CPU
		{99BB190D-BE0D-45E9-8E33-7DFC53EA2D2B}.Release|Any CPU.ActiveCfg = Release|Any CPU
		{99BB190D-BE0D-45E9-8E33-7DFC53EA2D2B}.Release|Any CPU.Build.0 = Release|Any CPU
		{99BB190D-BE0D-45E9-8E33-7DFC53EA2D2B}.Release|x64.ActiveCfg = Release|Any CPU
		{99BB190D-BE0D-45E9-8E33-7DFC53EA2D2B}.Release|x86.ActiveCfg = Release|Any CPU
	EndGlobalSection
	GlobalSection(MonoDevelopProperties) = preSolution
		StartupItem = BurnSystems.FlexBG\BurnSystems.FlexBG.csproj
	EndGlobalSection
	GlobalSection(SolutionProperties) = preSolution
		HideSolutionNode = FALSE
	EndGlobalSection
EndGlobal
