
Microsoft Visual Studio Solution File, Format Version 11.00
# Visual Studio 2010
Project("{FAE04EC0-301F-11D3-BF4B-00C04F79EFBC}") = "DatenMeister", "DatenMeister\DatenMeister.csproj", "{D0C28956-4EEE-4AF0-A0ED-A500A558C5D8}"
EndProject
Project("{FAE04EC0-301F-11D3-BF4B-00C04F79EFBC}") = "DatenMeister.Tests", "DatenMeister.Tests\DatenMeister.Tests.csproj", "{A0A0F8C5-4FE1-422F-BD74-5917DF8D9565}"
EndProject
Project("{FAE04EC0-301F-11D3-BF4B-00C04F79EFBC}") = "DatenmeisterServer", "DatenmeisterServer\DatenmeisterServer.csproj", "{CBF6F357-3BAF-43A5-AAF4-37961979A154}"
EndProject
Global
	GlobalSection(SolutionConfigurationPlatforms) = preSolution
		Debug|Any CPU = Debug|Any CPU
		Debug|x64 = Debug|x64
		Debug|x86 = Debug|x86
		Release|Any CPU = Release|Any CPU
		Release|x64 = Release|x64
		Release|x86 = Release|x86
	EndGlobalSection
	GlobalSection(ProjectConfigurationPlatforms) = postSolution
		{A0A0F8C5-4FE1-422F-BD74-5917DF8D9565}.Debug|Any CPU.ActiveCfg = Debug|Any CPU
		{A0A0F8C5-4FE1-422F-BD74-5917DF8D9565}.Debug|Any CPU.Build.0 = Debug|Any CPU
		{A0A0F8C5-4FE1-422F-BD74-5917DF8D9565}.Debug|x64.ActiveCfg = Debug|Any CPU
		{A0A0F8C5-4FE1-422F-BD74-5917DF8D9565}.Debug|x86.ActiveCfg = Debug|Any CPU
		{A0A0F8C5-4FE1-422F-BD74-5917DF8D9565}.Release|Any CPU.ActiveCfg = Release|Any CPU
		{A0A0F8C5-4FE1-422F-BD74-5917DF8D9565}.Release|Any CPU.Build.0 = Release|Any CPU
		{A0A0F8C5-4FE1-422F-BD74-5917DF8D9565}.Release|x64.ActiveCfg = Release|Any CPU
		{A0A0F8C5-4FE1-422F-BD74-5917DF8D9565}.Release|x86.ActiveCfg = Release|Any CPU
		{CBF6F357-3BAF-43A5-AAF4-37961979A154}.Debug|Any CPU.ActiveCfg = Debug|Any CPU
		{CBF6F357-3BAF-43A5-AAF4-37961979A154}.Debug|Any CPU.Build.0 = Debug|Any CPU
		{CBF6F357-3BAF-43A5-AAF4-37961979A154}.Debug|x64.ActiveCfg = Debug|Any CPU
		{CBF6F357-3BAF-43A5-AAF4-37961979A154}.Debug|x86.ActiveCfg = Debug|Any CPU
		{CBF6F357-3BAF-43A5-AAF4-37961979A154}.Release|Any CPU.ActiveCfg = Release|Any CPU
		{CBF6F357-3BAF-43A5-AAF4-37961979A154}.Release|Any CPU.Build.0 = Release|Any CPU
		{CBF6F357-3BAF-43A5-AAF4-37961979A154}.Release|x64.ActiveCfg = Release|Any CPU
		{CBF6F357-3BAF-43A5-AAF4-37961979A154}.Release|x86.ActiveCfg = Release|Any CPU
		{D0C28956-4EEE-4AF0-A0ED-A500A558C5D8}.Debug|Any CPU.ActiveCfg = Debug|Any CPU
		{D0C28956-4EEE-4AF0-A0ED-A500A558C5D8}.Debug|Any CPU.Build.0 = Debug|Any CPU
		{D0C28956-4EEE-4AF0-A0ED-A500A558C5D8}.Debug|x64.ActiveCfg = Debug|Any CPU
		{D0C28956-4EEE-4AF0-A0ED-A500A558C5D8}.Debug|x86.ActiveCfg = Debug|Any CPU
		{D0C28956-4EEE-4AF0-A0ED-A500A558C5D8}.Release|Any CPU.ActiveCfg = Release|Any CPU
		{D0C28956-4EEE-4AF0-A0ED-A500A558C5D8}.Release|Any CPU.Build.0 = Release|Any CPU
		{D0C28956-4EEE-4AF0-A0ED-A500A558C5D8}.Release|x64.ActiveCfg = Release|Any CPU
		{D0C28956-4EEE-4AF0-A0ED-A500A558C5D8}.Release|x86.ActiveCfg = Release|Any CPU
	EndGlobalSection
	GlobalSection(MonoDevelopProperties) = preSolution
		StartupItem = DatenMeister.Tests\DatenMeister.Tests.csproj
		Policies = $0
		$0.DotNetNamingPolicy = $1
		$1.DirectoryNamespaceAssociation = PrefixedHierarchical
		$1.ResourceNamePolicy = FileFormatDefault
	EndGlobalSection
	GlobalSection(SolutionProperties) = preSolution
		HideSolutionNode = FALSE
	EndGlobalSection
EndGlobal
