
Microsoft Visual Studio Solution File, Format Version 12.00
# Visual Studio 2013
VisualStudioVersion = 12.0.30501.0
MinimumVisualStudioVersion = 10.0.40219.1
Project("{888888A0-9F3D-457C-B088-3A5042F75D52}") = "TypeScriptCreator", "TypeScriptCreator.pyproj", "{D0D6E716-07F9-417E-ADAC-77D6A7566881}"
EndProject
Project("{FAE04EC0-301F-11D3-BF4B-00C04F79EFBC}") = "DatenMeister", "..\..\src\DatenMeister\DatenMeister.csproj", "{D0C28956-4EEE-4AF0-A0ED-A500A558C5D8}"
EndProject
Project("{FAE04EC0-301F-11D3-BF4B-00C04F79EFBC}") = "ProjektMeister", "..\..\..\projektmeister\src\ProjektMeister\ProjektMeister.csproj", "{428163F4-FCC1-4B17-B393-33F785BD2CA0}"
EndProject
Global
	GlobalSection(SolutionConfigurationPlatforms) = preSolution
		Debug|Any CPU = Debug|Any CPU
		Release|Any CPU = Release|Any CPU
	EndGlobalSection
	GlobalSection(ProjectConfigurationPlatforms) = postSolution
		{D0D6E716-07F9-417E-ADAC-77D6A7566881}.Debug|Any CPU.ActiveCfg = Debug|Any CPU
		{D0D6E716-07F9-417E-ADAC-77D6A7566881}.Debug|Any CPU.Build.0 = Debug|Any CPU
		{D0D6E716-07F9-417E-ADAC-77D6A7566881}.Release|Any CPU.ActiveCfg = Release|Any CPU
		{D0D6E716-07F9-417E-ADAC-77D6A7566881}.Release|Any CPU.Build.0 = Release|Any CPU
		{D0C28956-4EEE-4AF0-A0ED-A500A558C5D8}.Debug|Any CPU.ActiveCfg = Debug|Any CPU
		{D0C28956-4EEE-4AF0-A0ED-A500A558C5D8}.Debug|Any CPU.Build.0 = Debug|Any CPU
		{D0C28956-4EEE-4AF0-A0ED-A500A558C5D8}.Release|Any CPU.ActiveCfg = Release|Any CPU
		{D0C28956-4EEE-4AF0-A0ED-A500A558C5D8}.Release|Any CPU.Build.0 = Release|Any CPU
		{428163F4-FCC1-4B17-B393-33F785BD2CA0}.Debug|Any CPU.ActiveCfg = Debug|Any CPU
		{428163F4-FCC1-4B17-B393-33F785BD2CA0}.Debug|Any CPU.Build.0 = Debug|Any CPU
		{428163F4-FCC1-4B17-B393-33F785BD2CA0}.Release|Any CPU.ActiveCfg = Release|Any CPU
		{428163F4-FCC1-4B17-B393-33F785BD2CA0}.Release|Any CPU.Build.0 = Release|Any CPU
	EndGlobalSection
	GlobalSection(SolutionProperties) = preSolution
		HideSolutionNode = FALSE
	EndGlobalSection
EndGlobal
